
Microsoft Visual Studio Solution File, Format Version 12.00
# Visual Studio 2013
VisualStudioVersion = 12.0.30501.0
MinimumVisualStudioVersion = 10.0.40219.1
Project("{2150E333-8FDC-42A3-9474-1A3956D46DE8}") = "Model", "Model", "{9239ED64-4601-4CAD-8058-D4BEA49285C2}"
EndProject
Project("{2150E333-8FDC-42A3-9474-1A3956D46DE8}") = "Core", "Core", "{A1C5AD50-EF5C-4BC1-A862-F5393834A719}"
EndProject
Project("{2150E333-8FDC-42A3-9474-1A3956D46DE8}") = "Presentation", "Presentation", "{FEF3A7EE-1802-4285-8EA2-0D9310D4FAAD}"
EndProject
Project("{FAE04EC0-301F-11D3-BF4B-00C04F79EFBC}") = "DP.DAL", "DP.DAL\DP.DAL.csproj", "{647335F9-94C7-4AF7-BF08-25DF322A22B8}"
EndProject
Project("{FAE04EC0-301F-11D3-BF4B-00C04F79EFBC}") = "DP.Cop", "DP.Cop\DP.Cop.csproj", "{2A57A1D3-28C2-4CA3-94B7-F191F3AC5BD2}"
EndProject
Project("{FAE04EC0-301F-11D3-BF4B-00C04F79EFBC}") = "DP.Common", "DP.Common\DP.Common.csproj", "{8F234497-AD02-4624-9645-6C47F29D688C}"
EndProject
Project("{FAE04EC0-301F-11D3-BF4B-00C04F79EFBC}") = "DP.DataServices", "DP.DataServices\DP.DataServices.csproj", "{B42DD427-4A2F-42AF-9A5A-7CE0E57ABD1D}"
EndProject
Project("{FAE04EC0-301F-11D3-BF4B-00C04F79EFBC}") = "DP.Repository", "DP.Repository\DP.Repository.csproj", "{73222F7F-EBE0-46EE-80F0-59CA3FB9B71C}"
EndProject
Project("{FAE04EC0-301F-11D3-BF4B-00C04F79EFBC}") = "DP.WebUI", "DP.WebUI\DP.WebUI.csproj", "{1FA21BA2-FBE1-45C6-B607-5F3A6D5D97E1}"
EndProject
Global
	GlobalSection(SolutionConfigurationPlatforms) = preSolution
		Debug|Any CPU = Debug|Any CPU
		Release|Any CPU = Release|Any CPU
	EndGlobalSection
	GlobalSection(ProjectConfigurationPlatforms) = postSolution
		{647335F9-94C7-4AF7-BF08-25DF322A22B8}.Debug|Any CPU.ActiveCfg = Debug|Any CPU
		{647335F9-94C7-4AF7-BF08-25DF322A22B8}.Debug|Any CPU.Build.0 = Debug|Any CPU
		{647335F9-94C7-4AF7-BF08-25DF322A22B8}.Release|Any CPU.ActiveCfg = Release|Any CPU
		{647335F9-94C7-4AF7-BF08-25DF322A22B8}.Release|Any CPU.Build.0 = Release|Any CPU
		{2A57A1D3-28C2-4CA3-94B7-F191F3AC5BD2}.Debug|Any CPU.ActiveCfg = Debug|Any CPU
		{2A57A1D3-28C2-4CA3-94B7-F191F3AC5BD2}.Debug|Any CPU.Build.0 = Debug|Any CPU
		{2A57A1D3-28C2-4CA3-94B7-F191F3AC5BD2}.Release|Any CPU.ActiveCfg = Release|Any CPU
		{2A57A1D3-28C2-4CA3-94B7-F191F3AC5BD2}.Release|Any CPU.Build.0 = Release|Any CPU
		{8F234497-AD02-4624-9645-6C47F29D688C}.Debug|Any CPU.ActiveCfg = Debug|Any CPU
		{8F234497-AD02-4624-9645-6C47F29D688C}.Debug|Any CPU.Build.0 = Debug|Any CPU
		{8F234497-AD02-4624-9645-6C47F29D688C}.Release|Any CPU.ActiveCfg = Release|Any CPU
		{8F234497-AD02-4624-9645-6C47F29D688C}.Release|Any CPU.Build.0 = Release|Any CPU
		{B42DD427-4A2F-42AF-9A5A-7CE0E57ABD1D}.Debug|Any CPU.ActiveCfg = Debug|Any CPU
		{B42DD427-4A2F-42AF-9A5A-7CE0E57ABD1D}.Debug|Any CPU.Build.0 = Debug|Any CPU
		{B42DD427-4A2F-42AF-9A5A-7CE0E57ABD1D}.Release|Any CPU.ActiveCfg = Release|Any CPU
		{B42DD427-4A2F-42AF-9A5A-7CE0E57ABD1D}.Release|Any CPU.Build.0 = Release|Any CPU
		{73222F7F-EBE0-46EE-80F0-59CA3FB9B71C}.Debug|Any CPU.ActiveCfg = Debug|Any CPU
		{73222F7F-EBE0-46EE-80F0-59CA3FB9B71C}.Debug|Any CPU.Build.0 = Debug|Any CPU
		{73222F7F-EBE0-46EE-80F0-59CA3FB9B71C}.Release|Any CPU.ActiveCfg = Release|Any CPU
		{73222F7F-EBE0-46EE-80F0-59CA3FB9B71C}.Release|Any CPU.Build.0 = Release|Any CPU
		{1FA21BA2-FBE1-45C6-B607-5F3A6D5D97E1}.Debug|Any CPU.ActiveCfg = Debug|Any CPU
		{1FA21BA2-FBE1-45C6-B607-5F3A6D5D97E1}.Debug|Any CPU.Build.0 = Debug|Any CPU
		{1FA21BA2-FBE1-45C6-B607-5F3A6D5D97E1}.Release|Any CPU.ActiveCfg = Release|Any CPU
		{1FA21BA2-FBE1-45C6-B607-5F3A6D5D97E1}.Release|Any CPU.Build.0 = Release|Any CPU
	EndGlobalSection
	GlobalSection(SolutionProperties) = preSolution
		HideSolutionNode = FALSE
	EndGlobalSection
	GlobalSection(NestedProjects) = preSolution
		{647335F9-94C7-4AF7-BF08-25DF322A22B8} = {9239ED64-4601-4CAD-8058-D4BEA49285C2}
		{2A57A1D3-28C2-4CA3-94B7-F191F3AC5BD2} = {FEF3A7EE-1802-4285-8EA2-0D9310D4FAAD}
		{8F234497-AD02-4624-9645-6C47F29D688C} = {A1C5AD50-EF5C-4BC1-A862-F5393834A719}
		{B42DD427-4A2F-42AF-9A5A-7CE0E57ABD1D} = {A1C5AD50-EF5C-4BC1-A862-F5393834A719}
		{73222F7F-EBE0-46EE-80F0-59CA3FB9B71C} = {A1C5AD50-EF5C-4BC1-A862-F5393834A719}
		{1FA21BA2-FBE1-45C6-B607-5F3A6D5D97E1} = {FEF3A7EE-1802-4285-8EA2-0D9310D4FAAD}
	EndGlobalSection
EndGlobal
